
Microsoft Visual Studio Solution File, Format Version 12.00
# Visual Studio Version 17
VisualStudioVersion = 17.9.34902.65
MinimumVisualStudioVersion = 10.0.40219.1
Project("{FAE04EC0-301F-11D3-BF4B-00C04F79EFBC}") = "BlazorDataDetection", "BlazorDataDetection.csproj", "{52CB6A68-CFEB-4BEA-8472-8CA96B01C6F9}"
EndProject
Global
	GlobalSection(SolutionConfigurationPlatforms) = preSolution
		Debug|Any CPU = Debug|Any CPU
		Release|Any CPU = Release|Any CPU
	EndGlobalSection
	GlobalSection(ProjectConfigurationPlatforms) = postSolution
		{52CB6A68-CFEB-4BEA-8472-8CA96B01C6F9}.Debug|Any CPU.ActiveCfg = Debug|Any CPU
		{52CB6A68-CFEB-4BEA-8472-8CA96B01C6F9}.Debug|Any CPU.Build.0 = Debug|Any CPU
		{52CB6A68-CFEB-4BEA-8472-8CA96B01C6F9}.Release|Any CPU.ActiveCfg = Release|Any CPU
		{52CB6A68-CFEB-4BEA-8472-8CA96B01C6F9}.Release|Any CPU.Build.0 = Release|Any CPU
	EndGlobalSection
	GlobalSection(SolutionProperties) = preSolution
		HideSolutionNode = FALSE
	EndGlobalSection
	GlobalSection(ExtensibilityGlobals) = postSolution
		SolutionGuid = {8B37DC1B-C0FA-4783-B55B-850271239650}
	EndGlobalSection
EndGlobal
